
Microsoft Visual Studio Solution File, Format Version 12.00
Project("{FAE04EC0-301F-11D3-BF4B-00C04F79EFBC}") = "NumberOfIslands", "NumberOfIslands.csproj", "{8E66A07F-005A-4F7E-B2C7-DFC81B11FBDF}"
EndProject
Global
	GlobalSection(SolutionConfigurationPlatforms) = preSolution
		Debug|Any CPU = Debug|Any CPU
		Release|Any CPU = Release|Any CPU
	EndGlobalSection
	GlobalSection(ProjectConfigurationPlatforms) = postSolution
		{8E66A07F-005A-4F7E-B2C7-DFC81B11FBDF}.Debug|Any CPU.ActiveCfg = Debug|Any CPU
		{8E66A07F-005A-4F7E-B2C7-DFC81B11FBDF}.Debug|Any CPU.Build.0 = Debug|Any CPU
		{8E66A07F-005A-4F7E-B2C7-DFC81B11FBDF}.Release|Any CPU.ActiveCfg = Release|Any CPU
		{8E66A07F-005A-4F7E-B2C7-DFC81B11FBDF}.Release|Any CPU.Build.0 = Release|Any CPU
	EndGlobalSection
EndGlobal
